// !$*UTF8*$!
{
	archiveVersion = 1;
	classes = {
	};
	objectVersion = 56;
	objects = {

/* Begin PBXBuildFile section */
		623312E518A3F5853024AB48 /* Pods_Dyslexi.framework in Frameworks */ = {isa = PBXBuildFile; fileRef = 4826E8F291DCD381D259B244 /* Pods_Dyslexi.framework */; };
		D0B55950C0DFAB47D3C024B4 /* Pods_DyslexiTests.framework in Frameworks */ = {isa = PBXBuildFile; fileRef = 925A8BB7EF2BF9F9B17F257D /* Pods_DyslexiTests.framework */; };
		E2194C0E2BB1F7110067DEFD /* open-dyslexic.ttf in Resources */ = {isa = PBXBuildFile; fileRef = E2194C0D2BB1F7110067DEFD /* open-dyslexic.ttf */; };
		E2194C0F2BB1F7110067DEFD /* open-dyslexic.ttf in Resources */ = {isa = PBXBuildFile; fileRef = E2194C0D2BB1F7110067DEFD /* open-dyslexic.ttf */; };
		E2194C102BB1F7110067DEFD /* open-dyslexic.ttf in Resources */ = {isa = PBXBuildFile; fileRef = E2194C0D2BB1F7110067DEFD /* open-dyslexic.ttf */; };
		E2694FB12BA9C0CF0042A2BC /* AppDelegate.swift in Sources */ = {isa = PBXBuildFile; fileRef = E2694FB02BA9C0CF0042A2BC /* AppDelegate.swift */; };
		E2694FB32BA9C0CF0042A2BC /* SceneDelegate.swift in Sources */ = {isa = PBXBuildFile; fileRef = E2694FB22BA9C0CF0042A2BC /* SceneDelegate.swift */; };
		E2694FB52BA9C0CF0042A2BC /* ViewController.swift in Sources */ = {isa = PBXBuildFile; fileRef = E2694FB42BA9C0CF0042A2BC /* ViewController.swift */; };
		E2694FB82BA9C0CF0042A2BC /* Main.storyboard in Resources */ = {isa = PBXBuildFile; fileRef = E2694FB62BA9C0CF0042A2BC /* Main.storyboard */; };
		E2694FBB2BA9C0CF0042A2BC /* Dyslexi.xcdatamodeld in Sources */ = {isa = PBXBuildFile; fileRef = E2694FB92BA9C0CF0042A2BC /* Dyslexi.xcdatamodeld */; };
		E2694FBD2BA9C0D20042A2BC /* Assets.xcassets in Resources */ = {isa = PBXBuildFile; fileRef = E2694FBC2BA9C0D20042A2BC /* Assets.xcassets */; };
		E2694FC02BA9C0D20042A2BC /* LaunchScreen.storyboard in Resources */ = {isa = PBXBuildFile; fileRef = E2694FBE2BA9C0D20042A2BC /* LaunchScreen.storyboard */; };
		E2694FCB2BA9C0D20042A2BC /* DyslexiTests.swift in Sources */ = {isa = PBXBuildFile; fileRef = E2694FCA2BA9C0D20042A2BC /* DyslexiTests.swift */; };
		E2694FD52BA9C0D20042A2BC /* DyslexiUITests.swift in Sources */ = {isa = PBXBuildFile; fileRef = E2694FD42BA9C0D20042A2BC /* DyslexiUITests.swift */; };
		E2694FD72BA9C0D20042A2BC /* DyslexiUITestsLaunchTests.swift in Sources */ = {isa = PBXBuildFile; fileRef = E2694FD62BA9C0D20042A2BC /* DyslexiUITestsLaunchTests.swift */; };
		E2694FE52BA9F79A0042A2BC /* GoogleGenerativeAI in Frameworks */ = {isa = PBXBuildFile; productRef = E2694FE42BA9F79A0042A2BC /* GoogleGenerativeAI */; };
		E2694FE92BAA0ADC0042A2BC /* ViewController2.swift in Sources */ = {isa = PBXBuildFile; fileRef = E2694FE82BAA0ADC0042A2BC /* ViewController2.swift */; };
		E2D9B78D6E55B8D08644C269 /* Pods_Dyslexi_DyslexiUITests.framework in Frameworks */ = {isa = PBXBuildFile; fileRef = A47E2B9B161A64A15DF2F84A /* Pods_Dyslexi_DyslexiUITests.framework */; };
/* End PBXBuildFile section */

/* Begin PBXContainerItemProxy section */
		E2694FC72BA9C0D20042A2BC /* PBXContainerItemProxy */ = {
			isa = PBXContainerItemProxy;
			containerPortal = E2694FA52BA9C0CF0042A2BC /* Project object */;
			proxyType = 1;
			remoteGlobalIDString = E2694FAC2BA9C0CF0042A2BC;
			remoteInfo = Dyslexi;
		};
		E2694FD12BA9C0D20042A2BC /* PBXContainerItemProxy */ = {
			isa = PBXContainerItemProxy;
			containerPortal = E2694FA52BA9C0CF0042A2BC /* Project object */;
			proxyType = 1;
			remoteGlobalIDString = E2694FAC2BA9C0CF0042A2BC;
			remoteInfo = Dyslexi;
		};
/* End PBXContainerItemProxy section */

/* Begin PBXFileReference section */
		303CEA33B09F451AA59E6610 /* Pods-Dyslexi.debug.xcconfig */ = {isa = PBXFileReference; includeInIndex = 1; lastKnownFileType = text.xcconfig; name = "Pods-Dyslexi.debug.xcconfig"; path = "Target Support Files/Pods-Dyslexi/Pods-Dyslexi.debug.xcconfig"; sourceTree = "<group>"; };
		47D26ABCB33EE79276898370 /* Pods-DyslexiTests.release.xcconfig */ = {isa = PBXFileReference; includeInIndex = 1; lastKnownFileType = text.xcconfig; name = "Pods-DyslexiTests.release.xcconfig"; path = "Target Support Files/Pods-DyslexiTests/Pods-DyslexiTests.release.xcconfig"; sourceTree = "<group>"; };
		4826E8F291DCD381D259B244 /* Pods_Dyslexi.framework */ = {isa = PBXFileReference; explicitFileType = wrapper.framework; includeInIndex = 0; path = Pods_Dyslexi.framework; sourceTree = BUILT_PRODUCTS_DIR; };
		925A8BB7EF2BF9F9B17F257D /* Pods_DyslexiTests.framework */ = {isa = PBXFileReference; explicitFileType = wrapper.framework; includeInIndex = 0; path = Pods_DyslexiTests.framework; sourceTree = BUILT_PRODUCTS_DIR; };
		A47E2B9B161A64A15DF2F84A /* Pods_Dyslexi_DyslexiUITests.framework */ = {isa = PBXFileReference; explicitFileType = wrapper.framework; includeInIndex = 0; path = Pods_Dyslexi_DyslexiUITests.framework; sourceTree = BUILT_PRODUCTS_DIR; };
		CC5B6DC6C19DF856E487FCCF /* Pods-Dyslexi.release.xcconfig */ = {isa = PBXFileReference; includeInIndex = 1; lastKnownFileType = text.xcconfig; name = "Pods-Dyslexi.release.xcconfig"; path = "Target Support Files/Pods-Dyslexi/Pods-Dyslexi.release.xcconfig"; sourceTree = "<group>"; };
		D6A428C6E9DD11DA3ADE20B0 /* Pods-DyslexiTests.debug.xcconfig */ = {isa = PBXFileReference; includeInIndex = 1; lastKnownFileType = text.xcconfig; name = "Pods-DyslexiTests.debug.xcconfig"; path = "Target Support Files/Pods-DyslexiTests/Pods-DyslexiTests.debug.xcconfig"; sourceTree = "<group>"; };
		E2194C0D2BB1F7110067DEFD /* open-dyslexic.ttf */ = {isa = PBXFileReference; lastKnownFileType = file; path = "open-dyslexic.ttf"; sourceTree = "<group>"; };
		E2694FAD2BA9C0CF0042A2BC /* Dyslexi.app */ = {isa = PBXFileReference; explicitFileType = wrapper.application; includeInIndex = 0; path = Dyslexi.app; sourceTree = BUILT_PRODUCTS_DIR; };
		E2694FB02BA9C0CF0042A2BC /* AppDelegate.swift */ = {isa = PBXFileReference; lastKnownFileType = sourcecode.swift; path = AppDelegate.swift; sourceTree = "<group>"; };
		E2694FB22BA9C0CF0042A2BC /* SceneDelegate.swift */ = {isa = PBXFileReference; lastKnownFileType = sourcecode.swift; path = SceneDelegate.swift; sourceTree = "<group>"; };
		E2694FB42BA9C0CF0042A2BC /* ViewController.swift */ = {isa = PBXFileReference; lastKnownFileType = sourcecode.swift; path = ViewController.swift; sourceTree = "<group>"; };
		E2694FB72BA9C0CF0042A2BC /* Base */ = {isa = PBXFileReference; lastKnownFileType = file.storyboard; name = Base; path = Base.lproj/Main.storyboard; sourceTree = "<group>"; };
		E2694FBA2BA9C0CF0042A2BC /* Dyslexi.xcdatamodel */ = {isa = PBXFileReference; lastKnownFileType = wrapper.xcdatamodel; path = Dyslexi.xcdatamodel; sourceTree = "<group>"; };
		E2694FBC2BA9C0D20042A2BC /* Assets.xcassets */ = {isa = PBXFileReference; lastKnownFileType = folder.assetcatalog; path = Assets.xcassets; sourceTree = "<group>"; };
		E2694FBF2BA9C0D20042A2BC /* Base */ = {isa = PBXFileReference; lastKnownFileType = file.storyboard; name = Base; path = Base.lproj/LaunchScreen.storyboard; sourceTree = "<group>"; };
		E2694FC12BA9C0D20042A2BC /* Info.plist */ = {isa = PBXFileReference; lastKnownFileType = text.plist.xml; path = Info.plist; sourceTree = "<group>"; };
		E2694FC62BA9C0D20042A2BC /* DyslexiTests.xctest */ = {isa = PBXFileReference; explicitFileType = wrapper.cfbundle; includeInIndex = 0; path = DyslexiTests.xctest; sourceTree = BUILT_PRODUCTS_DIR; };
		E2694FCA2BA9C0D20042A2BC /* DyslexiTests.swift */ = {isa = PBXFileReference; lastKnownFileType = sourcecode.swift; path = DyslexiTests.swift; sourceTree = "<group>"; };
		E2694FD02BA9C0D20042A2BC /* DyslexiUITests.xctest */ = {isa = PBXFileReference; explicitFileType = wrapper.cfbundle; includeInIndex = 0; path = DyslexiUITests.xctest; sourceTree = BUILT_PRODUCTS_DIR; };
		E2694FD42BA9C0D20042A2BC /* DyslexiUITests.swift */ = {isa = PBXFileReference; lastKnownFileType = sourcecode.swift; path = DyslexiUITests.swift; sourceTree = "<group>"; };
		E2694FD62BA9C0D20042A2BC /* DyslexiUITestsLaunchTests.swift */ = {isa = PBXFileReference; lastKnownFileType = sourcecode.swift; path = DyslexiUITestsLaunchTests.swift; sourceTree = "<group>"; };
		E2694FE82BAA0ADC0042A2BC /* ViewController2.swift */ = {isa = PBXFileReference; lastKnownFileType = sourcecode.swift; path = ViewController2.swift; sourceTree = "<group>"; };
		E572D7A6D492B233EA50164C /* Pods-Dyslexi-DyslexiUITests.release.xcconfig */ = {isa = PBXFileReference; includeInIndex = 1; lastKnownFileType = text.xcconfig; name = "Pods-Dyslexi-DyslexiUITests.release.xcconfig"; path = "Target Support Files/Pods-Dyslexi-DyslexiUITests/Pods-Dyslexi-DyslexiUITests.release.xcconfig"; sourceTree = "<group>"; };
		F9BB0AD36D5F066E7C6BE015 /* Pods-Dyslexi-DyslexiUITests.debug.xcconfig */ = {isa = PBXFileReference; includeInIndex = 1; lastKnownFileType = text.xcconfig; name = "Pods-Dyslexi-DyslexiUITests.debug.xcconfig"; path = "Target Support Files/Pods-Dyslexi-DyslexiUITests/Pods-Dyslexi-DyslexiUITests.debug.xcconfig"; sourceTree = "<group>"; };
/* End PBXFileReference section */

/* Begin PBXFrameworksBuildPhase section */
		E2694FAA2BA9C0CF0042A2BC /* Frameworks */ = {
			isa = PBXFrameworksBuildPhase;
			buildActionMask = 2147483647;
			files = (
				623312E518A3F5853024AB48 /* Pods_Dyslexi.framework in Frameworks */,
				E2694FE52BA9F79A0042A2BC /* GoogleGenerativeAI in Frameworks */,
			);
			runOnlyForDeploymentPostprocessing = 0;
		};
		E2694FC32BA9C0D20042A2BC /* Frameworks */ = {
			isa = PBXFrameworksBuildPhase;
			buildActionMask = 2147483647;
			files = (
				D0B55950C0DFAB47D3C024B4 /* Pods_DyslexiTests.framework in Frameworks */,
			);
			runOnlyForDeploymentPostprocessing = 0;
		};
		E2694FCD2BA9C0D20042A2BC /* Frameworks */ = {
			isa = PBXFrameworksBuildPhase;
			buildActionMask = 2147483647;
			files = (
				E2D9B78D6E55B8D08644C269 /* Pods_Dyslexi_DyslexiUITests.framework in Frameworks */,
			);
			runOnlyForDeploymentPostprocessing = 0;
		};
/* End PBXFrameworksBuildPhase section */

/* Begin PBXGroup section */
		D19EA63F9B168CBDD05AF934 /* Pods */ = {
			isa = PBXGroup;
			children = (
				303CEA33B09F451AA59E6610 /* Pods-Dyslexi.debug.xcconfig */,
				CC5B6DC6C19DF856E487FCCF /* Pods-Dyslexi.release.xcconfig */,
				F9BB0AD36D5F066E7C6BE015 /* Pods-Dyslexi-DyslexiUITests.debug.xcconfig */,
				E572D7A6D492B233EA50164C /* Pods-Dyslexi-DyslexiUITests.release.xcconfig */,
				D6A428C6E9DD11DA3ADE20B0 /* Pods-DyslexiTests.debug.xcconfig */,
				47D26ABCB33EE79276898370 /* Pods-DyslexiTests.release.xcconfig */,
			);
			path = Pods;
			sourceTree = "<group>";
		};
		E2694FA42BA9C0CF0042A2BC = {
			isa = PBXGroup;
			children = (
				E2694FAF2BA9C0CF0042A2BC /* Dyslexi */,
				E2694FC92BA9C0D20042A2BC /* DyslexiTests */,
				E2694FD32BA9C0D20042A2BC /* DyslexiUITests */,
				E2694FAE2BA9C0CF0042A2BC /* Products */,
				D19EA63F9B168CBDD05AF934 /* Pods */,
				E2708FB1D10DFA4793AA4012 /* Frameworks */,
			);
			sourceTree = "<group>";
		};
		E2694FAE2BA9C0CF0042A2BC /* Products */ = {
			isa = PBXGroup;
			children = (
				E2694FAD2BA9C0CF0042A2BC /* Dyslexi.app */,
				E2694FC62BA9C0D20042A2BC /* DyslexiTests.xctest */,
				E2694FD02BA9C0D20042A2BC /* DyslexiUITests.xctest */,
			);
			name = Products;
			sourceTree = "<group>";
		};
		E2694FAF2BA9C0CF0042A2BC /* Dyslexi */ = {
			isa = PBXGroup;
			children = (
				E2694FB02BA9C0CF0042A2BC /* AppDelegate.swift */,
				E2694FB22BA9C0CF0042A2BC /* SceneDelegate.swift */,
				E2694FB42BA9C0CF0042A2BC /* ViewController.swift */,
				E2694FE82BAA0ADC0042A2BC /* ViewController2.swift */,
				E2694FB62BA9C0CF0042A2BC /* Main.storyboard */,
				E2694FBC2BA9C0D20042A2BC /* Assets.xcassets */,
				E2694FBE2BA9C0D20042A2BC /* LaunchScreen.storyboard */,
				E2694FC12BA9C0D20042A2BC /* Info.plist */,
				E2694FB92BA9C0CF0042A2BC /* Dyslexi.xcdatamodeld */,
				E2194C0D2BB1F7110067DEFD /* open-dyslexic.ttf */,
			);
			path = Dyslexi;
			sourceTree = "<group>";
		};
		E2694FC92BA9C0D20042A2BC /* DyslexiTests */ = {
			isa = PBXGroup;
			children = (
				E2694FCA2BA9C0D20042A2BC /* DyslexiTests.swift */,
			);
			path = DyslexiTests;
			sourceTree = "<group>";
		};
		E2694FD32BA9C0D20042A2BC /* DyslexiUITests */ = {
			isa = PBXGroup;
			children = (
				E2694FD42BA9C0D20042A2BC /* DyslexiUITests.swift */,
				E2694FD62BA9C0D20042A2BC /* DyslexiUITestsLaunchTests.swift */,
			);
			path = DyslexiUITests;
			sourceTree = "<group>";
		};
		E2708FB1D10DFA4793AA4012 /* Frameworks */ = {
			isa = PBXGroup;
			children = (
				4826E8F291DCD381D259B244 /* Pods_Dyslexi.framework */,
				A47E2B9B161A64A15DF2F84A /* Pods_Dyslexi_DyslexiUITests.framework */,
				925A8BB7EF2BF9F9B17F257D /* Pods_DyslexiTests.framework */,
			);
			name = Frameworks;
			sourceTree = "<group>";
		};
/* End PBXGroup section */

/* Begin PBXNativeTarget section */
		E2694FAC2BA9C0CF0042A2BC /* Dyslexi */ = {
			isa = PBXNativeTarget;
			buildConfigurationList = E2694FDA2BA9C0D20042A2BC /* Build configuration list for PBXNativeTarget "Dyslexi" */;
			buildPhases = (
				EF329592460BAE77697FC246 /* [CP] Check Pods Manifest.lock */,
				E2694FA92BA9C0CF0042A2BC /* Sources */,
				E2694FAA2BA9C0CF0042A2BC /* Frameworks */,
				E2694FAB2BA9C0CF0042A2BC /* Resources */,
			);
			buildRules = (
			);
			dependencies = (
			);
			name = Dyslexi;
			packageProductDependencies = (
				E2694FE42BA9F79A0042A2BC /* GoogleGenerativeAI */,
			);
			productName = Dyslexi;
			productReference = E2694FAD2BA9C0CF0042A2BC /* Dyslexi.app */;
			productType = "com.apple.product-type.application";
		};
		E2694FC52BA9C0D20042A2BC /* DyslexiTests */ = {
			isa = PBXNativeTarget;
			buildConfigurationList = E2694FDD2BA9C0D20042A2BC /* Build configuration list for PBXNativeTarget "DyslexiTests" */;
			buildPhases = (
				395EC4442432AD68AE4AE3FD /* [CP] Check Pods Manifest.lock */,
				E2694FC22BA9C0D20042A2BC /* Sources */,
				E2694FC32BA9C0D20042A2BC /* Frameworks */,
				E2694FC42BA9C0D20042A2BC /* Resources */,
			);
			buildRules = (
			);
			dependencies = (
				E2694FC82BA9C0D20042A2BC /* PBXTargetDependency */,
			);
			name = DyslexiTests;
			productName = DyslexiTests;
			productReference = E2694FC62BA9C0D20042A2BC /* DyslexiTests.xctest */;
			productType = "com.apple.product-type.bundle.unit-test";
		};
		E2694FCF2BA9C0D20042A2BC /* DyslexiUITests */ = {
			isa = PBXNativeTarget;
			buildConfigurationList = E2694FE02BA9C0D20042A2BC /* Build configuration list for PBXNativeTarget "DyslexiUITests" */;
			buildPhases = (
				B8DA93537371F6E2BF7F1DBD /* [CP] Check Pods Manifest.lock */,
				E2694FCC2BA9C0D20042A2BC /* Sources */,
				E2694FCD2BA9C0D20042A2BC /* Frameworks */,
				E2694FCE2BA9C0D20042A2BC /* Resources */,
			);
			buildRules = (
			);
			dependencies = (
				E2694FD22BA9C0D20042A2BC /* PBXTargetDependency */,
			);
			name = DyslexiUITests;
			productName = DyslexiUITests;
			productReference = E2694FD02BA9C0D20042A2BC /* DyslexiUITests.xctest */;
			productType = "com.apple.product-type.bundle.ui-testing";
		};
/* End PBXNativeTarget section */

/* Begin PBXProject section */
		E2694FA52BA9C0CF0042A2BC /* Project object */ = {
			isa = PBXProject;
			attributes = {
				BuildIndependentTargetsInParallel = 1;
				LastSwiftUpdateCheck = 1500;
				LastUpgradeCheck = 1500;
				TargetAttributes = {
					E2694FAC2BA9C0CF0042A2BC = {
						CreatedOnToolsVersion = 15.0.1;
					};
					E2694FC52BA9C0D20042A2BC = {
						CreatedOnToolsVersion = 15.0.1;
						TestTargetID = E2694FAC2BA9C0CF0042A2BC;
					};
					E2694FCF2BA9C0D20042A2BC = {
						CreatedOnToolsVersion = 15.0.1;
						TestTargetID = E2694FAC2BA9C0CF0042A2BC;
					};
				};
			};
			buildConfigurationList = E2694FA82BA9C0CF0042A2BC /* Build configuration list for PBXProject "Dyslexi" */;
			compatibilityVersion = "Xcode 14.0";
			developmentRegion = en;
			hasScannedForEncodings = 0;
			knownRegions = (
				en,
				Base,
			);
			mainGroup = E2694FA42BA9C0CF0042A2BC;
			packageReferences = (
				E2694FE32BA9F79A0042A2BC /* XCRemoteSwiftPackageReference "generative-ai-swift" */,
			);
			productRefGroup = E2694FAE2BA9C0CF0042A2BC /* Products */;
			projectDirPath = "";
			projectRoot = "";
			targets = (
				E2694FAC2BA9C0CF0042A2BC /* Dyslexi */,
				E2694FC52BA9C0D20042A2BC /* DyslexiTests */,
				E2694FCF2BA9C0D20042A2BC /* DyslexiUITests */,
			);
		};
/* End PBXProject section */

/* Begin PBXResourcesBuildPhase section */
		E2694FAB2BA9C0CF0042A2BC /* Resources */ = {
			isa = PBXResourcesBuildPhase;
			buildActionMask = 2147483647;
			files = (
				E2694FC02BA9C0D20042A2BC /* LaunchScreen.storyboard in Resources */,
				E2194C0E2BB1F7110067DEFD /* open-dyslexic.ttf in Resources */,
				E2694FBD2BA9C0D20042A2BC /* Assets.xcassets in Resources */,
				E2694FB82BA9C0CF0042A2BC /* Main.storyboard in Resources */,
			);
			runOnlyForDeploymentPostprocessing = 0;
		};
		E2694FC42BA9C0D20042A2BC /* Resources */ = {
			isa = PBXResourcesBuildPhase;
			buildActionMask = 2147483647;
			files = (
				E2194C0F2BB1F7110067DEFD /* open-dyslexic.ttf in Resources */,
			);
			runOnlyForDeploymentPostprocessing = 0;
		};
		E2694FCE2BA9C0D20042A2BC /* Resources */ = {
			isa = PBXResourcesBuildPhase;
			buildActionMask = 2147483647;
			files = (
				E2194C102BB1F7110067DEFD /* open-dyslexic.ttf in Resources */,
			);
			runOnlyForDeploymentPostprocessing = 0;
		};
/* End PBXResourcesBuildPhase section */

/* Begin PBXShellScriptBuildPhase section */
		395EC4442432AD68AE4AE3FD /* [CP] Check Pods Manifest.lock */ = {
			isa = PBXShellScriptBuildPhase;
			buildActionMask = 2147483647;
			files = (
			);
			inputFileListPaths = (
			);
			inputPaths = (
				"${PODS_PODFILE_DIR_PATH}/Podfile.lock",
				"${PODS_ROOT}/Manifest.lock",
			);
			name = "[CP] Check Pods Manifest.lock";
			outputFileListPaths = (
			);
			outputPaths = (
				"$(DERIVED_FILE_DIR)/Pods-DyslexiTests-checkManifestLockResult.txt",
			);
			runOnlyForDeploymentPostprocessing = 0;
			shellPath = /bin/sh;
			shellScript = "diff \"${PODS_PODFILE_DIR_PATH}/Podfile.lock\" \"${PODS_ROOT}/Manifest.lock\" > /dev/null\nif [ $? != 0 ] ; then\n    # print error to STDERR\n    echo \"error: The sandbox is not in sync with the Podfile.lock. Run 'pod install' or update your CocoaPods installation.\" >&2\n    exit 1\nfi\n# This output is used by Xcode 'outputs' to avoid re-running this script phase.\necho \"SUCCESS\" > \"${SCRIPT_OUTPUT_FILE_0}\"\n";
			showEnvVarsInLog = 0;
		};
		B8DA93537371F6E2BF7F1DBD /* [CP] Check Pods Manifest.lock */ = {
			isa = PBXShellScriptBuildPhase;
			buildActionMask = 2147483647;
			files = (
			);
			inputFileListPaths = (
			);
			inputPaths = (
				"${PODS_PODFILE_DIR_PATH}/Podfile.lock",
				"${PODS_ROOT}/Manifest.lock",
			);
			name = "[CP] Check Pods Manifest.lock";
			outputFileListPaths = (
			);
			outputPaths = (
				"$(DERIVED_FILE_DIR)/Pods-Dyslexi-DyslexiUITests-checkManifestLockResult.txt",
			);
			runOnlyForDeploymentPostprocessing = 0;
			shellPath = /bin/sh;
			shellScript = "diff \"${PODS_PODFILE_DIR_PATH}/Podfile.lock\" \"${PODS_ROOT}/Manifest.lock\" > /dev/null\nif [ $? != 0 ] ; then\n    # print error to STDERR\n    echo \"error: The sandbox is not in sync with the Podfile.lock. Run 'pod install' or update your CocoaPods installation.\" >&2\n    exit 1\nfi\n# This output is used by Xcode 'outputs' to avoid re-running this script phase.\necho \"SUCCESS\" > \"${SCRIPT_OUTPUT_FILE_0}\"\n";
			showEnvVarsInLog = 0;
		};
		EF329592460BAE77697FC246 /* [CP] Check Pods Manifest.lock */ = {
			isa = PBXShellScriptBuildPhase;
			buildActionMask = 2147483647;
			files = (
			);
			inputFileListPaths = (
			);
			inputPaths = (
				"${PODS_PODFILE_DIR_PATH}/Podfile.lock",
				"${PODS_ROOT}/Manifest.lock",
			);
			name = "[CP] Check Pods Manifest.lock";
			outputFileListPaths = (
			);
			outputPaths = (
				"$(DERIVED_FILE_DIR)/Pods-Dyslexi-checkManifestLockResult.txt",
			);
			runOnlyForDeploymentPostprocessing = 0;
			shellPath = /bin/sh;
			shellScript = "diff \"${PODS_PODFILE_DIR_PATH}/Podfile.lock\" \"${PODS_ROOT}/Manifest.lock\" > /dev/null\nif [ $? != 0 ] ; then\n    # print error to STDERR\n    echo \"error: The sandbox is not in sync with the Podfile.lock. Run 'pod install' or update your CocoaPods installation.\" >&2\n    exit 1\nfi\n# This output is used by Xcode 'outputs' to avoid re-running this script phase.\necho \"SUCCESS\" > \"${SCRIPT_OUTPUT_FILE_0}\"\n";
			showEnvVarsInLog = 0;
		};
/* End PBXShellScriptBuildPhase section */

/* Begin PBXSourcesBuildPhase section */
		E2694FA92BA9C0CF0042A2BC /* Sources */ = {
			isa = PBXSourcesBuildPhase;
			buildActionMask = 2147483647;
			files = (
				E2694FE92BAA0ADC0042A2BC /* ViewController2.swift in Sources */,
				E2694FB52BA9C0CF0042A2BC /* ViewController.swift in Sources */,
				E2694FB12BA9C0CF0042A2BC /* AppDelegate.swift in Sources */,
				E2694FBB2BA9C0CF0042A2BC /* Dyslexi.xcdatamodeld in Sources */,
				E2694FB32BA9C0CF0042A2BC /* SceneDelegate.swift in Sources */,
			);
			runOnlyForDeploymentPostprocessing = 0;
		};
		E2694FC22BA9C0D20042A2BC /* Sources */ = {
			isa = PBXSourcesBuildPhase;
			buildActionMask = 2147483647;
			files = (
				E2694FCB2BA9C0D20042A2BC /* DyslexiTests.swift in Sources */,
			);
			runOnlyForDeploymentPostprocessing = 0;
		};
		E2694FCC2BA9C0D20042A2BC /* Sources */ = {
			isa = PBXSourcesBuildPhase;
			buildActionMask = 2147483647;
			files = (
				E2694FD52BA9C0D20042A2BC /* DyslexiUITests.swift in Sources */,
				E2694FD72BA9C0D20042A2BC /* DyslexiUITestsLaunchTests.swift in Sources */,
			);
			runOnlyForDeploymentPostprocessing = 0;
		};
/* End PBXSourcesBuildPhase section */

/* Begin PBXTargetDependency section */
		E2694FC82BA9C0D20042A2BC /* PBXTargetDependency */ = {
			isa = PBXTargetDependency;
			target = E2694FAC2BA9C0CF0042A2BC /* Dyslexi */;
			targetProxy = E2694FC72BA9C0D20042A2BC /* PBXContainerItemProxy */;
		};
		E2694FD22BA9C0D20042A2BC /* PBXTargetDependency */ = {
			isa = PBXTargetDependency;
			target = E2694FAC2BA9C0CF0042A2BC /* Dyslexi */;
			targetProxy = E2694FD12BA9C0D20042A2BC /* PBXContainerItemProxy */;
		};
/* End PBXTargetDependency section */

/* Begin PBXVariantGroup section */
		E2694FB62BA9C0CF0042A2BC /* Main.storyboard */ = {
			isa = PBXVariantGroup;
			children = (
				E2694FB72BA9C0CF0042A2BC /* Base */,
			);
			name = Main.storyboard;
			sourceTree = "<group>";
		};
		E2694FBE2BA9C0D20042A2BC /* LaunchScreen.storyboard */ = {
			isa = PBXVariantGroup;
			children = (
				E2694FBF2BA9C0D20042A2BC /* Base */,
			);
			name = LaunchScreen.storyboard;
			sourceTree = "<group>";
		};
/* End PBXVariantGroup section */

/* Begin XCBuildConfiguration section */
		E2694FD82BA9C0D20042A2BC /* Debug */ = {
			isa = XCBuildConfiguration;
			buildSettings = {
				ALWAYS_SEARCH_USER_PATHS = NO;
				ASSETCATALOG_COMPILER_GENERATE_SWIFT_ASSET_SYMBOL_EXTENSIONS = YES;
				CLANG_ANALYZER_NONNULL = YES;
				CLANG_ANALYZER_NUMBER_OBJECT_CONVERSION = YES_AGGRESSIVE;
				CLANG_CXX_LANGUAGE_STANDARD = "gnu++20";
				CLANG_ENABLE_MODULES = YES;
				CLANG_ENABLE_OBJC_ARC = YES;
				CLANG_ENABLE_OBJC_WEAK = YES;
				CLANG_WARN_BLOCK_CAPTURE_AUTORELEASING = YES;
				CLANG_WARN_BOOL_CONVERSION = YES;
				CLANG_WARN_COMMA = YES;
				CLANG_WARN_CONSTANT_CONVERSION = YES;
				CLANG_WARN_DEPRECATED_OBJC_IMPLEMENTATIONS = YES;
				CLANG_WARN_DIRECT_OBJC_ISA_USAGE = YES_ERROR;
				CLANG_WARN_DOCUMENTATION_COMMENTS = YES;
				CLANG_WARN_EMPTY_BODY = YES;
				CLANG_WARN_ENUM_CONVERSION = YES;
				CLANG_WARN_INFINITE_RECURSION = YES;
				CLANG_WARN_INT_CONVERSION = YES;
				CLANG_WARN_NON_LITERAL_NULL_CONVERSION = YES;
				CLANG_WARN_OBJC_IMPLICIT_RETAIN_SELF = YES;
				CLANG_WARN_OBJC_LITERAL_CONVERSION = YES;
				CLANG_WARN_OBJC_ROOT_CLASS = YES_ERROR;
				CLANG_WARN_QUOTED_INCLUDE_IN_FRAMEWORK_HEADER = YES;
				CLANG_WARN_RANGE_LOOP_ANALYSIS = YES;
				CLANG_WARN_STRICT_PROTOTYPES = YES;
				CLANG_WARN_SUSPICIOUS_MOVE = YES;
				CLANG_WARN_UNGUARDED_AVAILABILITY = YES_AGGRESSIVE;
				CLANG_WARN_UNREACHABLE_CODE = YES;
				CLANG_WARN__DUPLICATE_METHOD_MATCH = YES;
				COPY_PHASE_STRIP = NO;
				DEBUG_INFORMATION_FORMAT = dwarf;
				ENABLE_STRICT_OBJC_MSGSEND = YES;
				ENABLE_TESTABILITY = YES;
				ENABLE_USER_SCRIPT_SANDBOXING = YES;
				GCC_C_LANGUAGE_STANDARD = gnu17;
				GCC_DYNAMIC_NO_PIC = NO;
				GCC_NO_COMMON_BLOCKS = YES;
				GCC_OPTIMIZATION_LEVEL = 0;
				GCC_PREPROCESSOR_DEFINITIONS = (
					"DEBUG=1",
					"$(inherited)",
				);
				GCC_WARN_64_TO_32_BIT_CONVERSION = YES;
				GCC_WARN_ABOUT_RETURN_TYPE = YES_ERROR;
				GCC_WARN_UNDECLARED_SELECTOR = YES;
				GCC_WARN_UNINITIALIZED_AUTOS = YES_AGGRESSIVE;
				GCC_WARN_UNUSED_FUNCTION = YES;
				GCC_WARN_UNUSED_VARIABLE = YES;
				IPHONEOS_DEPLOYMENT_TARGET = 17.0;
				LOCALIZATION_PREFERS_STRING_CATALOGS = YES;
				MTL_ENABLE_DEBUG_INFO = INCLUDE_SOURCE;
				MTL_FAST_MATH = YES;
				ONLY_ACTIVE_ARCH = YES;
				SDKROOT = iphoneos;
				SWIFT_ACTIVE_COMPILATION_CONDITIONS = "DEBUG $(inherited)";
				SWIFT_OPTIMIZATION_LEVEL = "-Onone";
			};
			name = Debug;
		};
		E2694FD92BA9C0D20042A2BC /* Release */ = {
			isa = XCBuildConfiguration;
			buildSettings = {
				ALWAYS_SEARCH_USER_PATHS = NO;
				ASSETCATALOG_COMPILER_GENERATE_SWIFT_ASSET_SYMBOL_EXTENSIONS = YES;
				CLANG_ANALYZER_NONNULL = YES;
				CLANG_ANALYZER_NUMBER_OBJECT_CONVERSION = YES_AGGRESSIVE;
				CLANG_CXX_LANGUAGE_STANDARD = "gnu++20";
				CLANG_ENABLE_MODULES = YES;
				CLANG_ENABLE_OBJC_ARC = YES;
				CLANG_ENABLE_OBJC_WEAK = YES;
				CLANG_WARN_BLOCK_CAPTURE_AUTORELEASING = YES;
				CLANG_WARN_BOOL_CONVERSION = YES;
				CLANG_WARN_COMMA = YES;
				CLANG_WARN_CONSTANT_CONVERSION = YES;
				CLANG_WARN_DEPRECATED_OBJC_IMPLEMENTATIONS = YES;
				CLANG_WARN_DIRECT_OBJC_ISA_USAGE = YES_ERROR;
				CLANG_WARN_DOCUMENTATION_COMMENTS = YES;
				CLANG_WARN_EMPTY_BODY = YES;
				CLANG_WARN_ENUM_CONVERSION = YES;
				CLANG_WARN_INFINITE_RECURSION = YES;
				CLANG_WARN_INT_CONVERSION = YES;
				CLANG_WARN_NON_LITERAL_NULL_CONVERSION = YES;
				CLANG_WARN_OBJC_IMPLICIT_RETAIN_SELF = YES;
				CLANG_WARN_OBJC_LITERAL_CONVERSION = YES;
				CLANG_WARN_OBJC_ROOT_CLASS = YES_ERROR;
				CLANG_WARN_QUOTED_INCLUDE_IN_FRAMEWORK_HEADER = YES;
				CLANG_WARN_RANGE_LOOP_ANALYSIS = YES;
				CLANG_WARN_STRICT_PROTOTYPES = YES;
				CLANG_WARN_SUSPICIOUS_MOVE = YES;
				CLANG_WARN_UNGUARDED_AVAILABILITY = YES_AGGRESSIVE;
				CLANG_WARN_UNREACHABLE_CODE = YES;
				CLANG_WARN__DUPLICATE_METHOD_MATCH = YES;
				COPY_PHASE_STRIP = NO;
				DEBUG_INFORMATION_FORMAT = "dwarf-with-dsym";
				ENABLE_NS_ASSERTIONS = NO;
				ENABLE_STRICT_OBJC_MSGSEND = YES;
				ENABLE_USER_SCRIPT_SANDBOXING = YES;
				GCC_C_LANGUAGE_STANDARD = gnu17;
				GCC_NO_COMMON_BLOCKS = YES;
				GCC_WARN_64_TO_32_BIT_CONVERSION = YES;
				GCC_WARN_ABOUT_RETURN_TYPE = YES_ERROR;
				GCC_WARN_UNDECLARED_SELECTOR = YES;
				GCC_WARN_UNINITIALIZED_AUTOS = YES_AGGRESSIVE;
				GCC_WARN_UNUSED_FUNCTION = YES;
				GCC_WARN_UNUSED_VARIABLE = YES;
				IPHONEOS_DEPLOYMENT_TARGET = 17.0;
				LOCALIZATION_PREFERS_STRING_CATALOGS = YES;
				MTL_ENABLE_DEBUG_INFO = NO;
				MTL_FAST_MATH = YES;
				SDKROOT = iphoneos;
				SWIFT_COMPILATION_MODE = wholemodule;
				VALIDATE_PRODUCT = YES;
			};
			name = Release;
		};
		E2694FDB2BA9C0D20042A2BC /* Debug */ = {
			isa = XCBuildConfiguration;
			baseConfigurationReference = 303CEA33B09F451AA59E6610 /* Pods-Dyslexi.debug.xcconfig */;
			buildSettings = {
				ASSETCATALOG_COMPILER_APPICON_NAME = AppIcon;
				ASSETCATALOG_COMPILER_GLOBAL_ACCENT_COLOR_NAME = AccentColor;
				CODE_SIGN_STYLE = Automatic;
				CURRENT_PROJECT_VERSION = 1;
				DEVELOPMENT_TEAM = YCP29A84B3;
				GENERATE_INFOPLIST_FILE = YES;
				INFOPLIST_FILE = Dyslexi/Info.plist;
				INFOPLIST_KEY_UIApplicationSupportsIndirectInputEvents = YES;
				INFOPLIST_KEY_UILaunchStoryboardName = LaunchScreen;
				INFOPLIST_KEY_UIMainStoryboardFile = Main;
				INFOPLIST_KEY_UISupportedInterfaceOrientations_iPad = "UIInterfaceOrientationPortrait UIInterfaceOrientationPortraitUpsideDown UIInterfaceOrientationLandscapeLeft UIInterfaceOrientationLandscapeRight";
				INFOPLIST_KEY_UISupportedInterfaceOrientations_iPhone = "UIInterfaceOrientationPortrait UIInterfaceOrientationLandscapeLeft UIInterfaceOrientationLandscapeRight";
				LD_RUNPATH_SEARCH_PATHS = (
					"$(inherited)",
					"@executable_path/Frameworks",
				);
				MARKETING_VERSION = 1.0;
				PRODUCT_BUNDLE_IDENTIFIER = veerjyot.sammi.Dyslexi;
				PRODUCT_NAME = "$(TARGET_NAME)";
				SWIFT_EMIT_LOC_STRINGS = YES;
				SWIFT_VERSION = 5.0;
				TARGETED_DEVICE_FAMILY = "1,2";
			};
			name = Debug;
		};
		E2694FDC2BA9C0D20042A2BC /* Release */ = {
			isa = XCBuildConfiguration;
			baseConfigurationReference = CC5B6DC6C19DF856E487FCCF /* Pods-Dyslexi.release.xcconfig */;
			buildSettings = {
				ASSETCATALOG_COMPILER_APPICON_NAME = AppIcon;
				ASSETCATALOG_COMPILER_GLOBAL_ACCENT_COLOR_NAME = AccentColor;
				CODE_SIGN_STYLE = Automatic;
				CURRENT_PROJECT_VERSION = 1;
				DEVELOPMENT_TEAM = YCP29A84B3;
				GENERATE_INFOPLIST_FILE = YES;
				INFOPLIST_FILE = Dyslexi/Info.plist;
				INFOPLIST_KEY_UIApplicationSupportsIndirectInputEvents = YES;
				INFOPLIST_KEY_UILaunchStoryboardName = LaunchScreen;
				INFOPLIST_KEY_UIMainStoryboardFile = Main;
				INFOPLIST_KEY_UISupportedInterfaceOrientations_iPad = "UIInterfaceOrientationPortrait UIInterfaceOrientationPortraitUpsideDown UIInterfaceOrientationLandscapeLeft UIInterfaceOrientationLandscapeRight";
				INFOPLIST_KEY_UISupportedInterfaceOrientations_iPhone = "UIInterfaceOrientationPortrait UIInterfaceOrientationLandscapeLeft UIInterfaceOrientationLandscapeRight";
				LD_RUNPATH_SEARCH_PATHS = (
					"$(inherited)",
					"@executable_path/Frameworks",
				);
				MARKETING_VERSION = 1.0;
				PRODUCT_BUNDLE_IDENTIFIER = veerjyot.sammi.Dyslexi;
				PRODUCT_NAME = "$(TARGET_NAME)";
				SWIFT_EMIT_LOC_STRINGS = YES;
				SWIFT_VERSION = 5.0;
				TARGETED_DEVICE_FAMILY = "1,2";
			};
			name = Release;
		};
		E2694FDE2BA9C0D20042A2BC /* Debug */ = {
			isa = XCBuildConfiguration;
			baseConfigurationReference = D6A428C6E9DD11DA3ADE20B0 /* Pods-DyslexiTests.debug.xcconfig */;
			buildSettings = {
				ALWAYS_EMBED_SWIFT_STANDARD_LIBRARIES = YES;
				BUNDLE_LOADER = "$(TEST_HOST)";
				CODE_SIGN_STYLE = Automatic;
				CURRENT_PROJECT_VERSION = 1;
				DEVELOPMENT_TEAM = YCP29A84B3;
				GENERATE_INFOPLIST_FILE = YES;
				IPHONEOS_DEPLOYMENT_TARGET = 17.0;
				MARKETING_VERSION = 1.0;
				PRODUCT_BUNDLE_IDENTIFIER = veerjyot.sammi.DyslexiTests;
				PRODUCT_NAME = "$(TARGET_NAME)";
				SWIFT_EMIT_LOC_STRINGS = NO;
				SWIFT_VERSION = 5.0;
				TARGETED_DEVICE_FAMILY = "1,2";
				TEST_HOST = "$(BUILT_PRODUCTS_DIR)/Dyslexi.app/$(BUNDLE_EXECUTABLE_FOLDER_PATH)/Dyslexi";
			};
			name = Debug;
		};
		E2694FDF2BA9C0D20042A2BC /* Release */ = {
			isa = XCBuildConfiguration;
			baseConfigurationReference = 47D26ABCB33EE79276898370 /* Pods-DyslexiTests.release.xcconfig */;
			buildSettings = {
				ALWAYS_EMBED_SWIFT_STANDARD_LIBRARIES = YES;
				BUNDLE_LOADER = "$(TEST_HOST)";
				CODE_SIGN_STYLE = Automatic;
				CURRENT_PROJECT_VERSION = 1;
				DEVELOPMENT_TEAM = YCP29A84B3;
				GENERATE_INFOPLIST_FILE = YES;
				IPHONEOS_DEPLOYMENT_TARGET = 17.0;
				MARKETING_VERSION = 1.0;
				PRODUCT_BUNDLE_IDENTIFIER = veerjyot.sammi.DyslexiTests;
				PRODUCT_NAME = "$(TARGET_NAME)";
				SWIFT_EMIT_LOC_STRINGS = NO;
				SWIFT_VERSION = 5.0;
				TARGETED_DEVICE_FAMILY = "1,2";
				TEST_HOST = "$(BUILT_PRODUCTS_DIR)/Dyslexi.app/$(BUNDLE_EXECUTABLE_FOLDER_PATH)/Dyslexi";
			};
			name = Release;
		};
		E2694FE12BA9C0D20042A2BC /* Debug */ = {
			isa = XCBuildConfiguration;
			baseConfigurationReference = F9BB0AD36D5F066E7C6BE015 /* Pods-Dyslexi-DyslexiUITests.debug.xcconfig */;
			buildSettings = {
				ALWAYS_EMBED_SWIFT_STANDARD_LIBRARIES = YES;
				CODE_SIGN_STYLE = Automatic;
				CURRENT_PROJECT_VERSION = 1;
				DEVELOPMENT_TEAM = YCP29A84B3;
				GENERATE_INFOPLIST_FILE = YES;
				MARKETING_VERSION = 1.0;
				PRODUCT_BUNDLE_IDENTIFIER = veerjyot.sammi.DyslexiUITests;
				PRODUCT_NAME = "$(TARGET_NAME)";
				SWIFT_EMIT_LOC_STRINGS = NO;
				SWIFT_VERSION = 5.0;
				TARGETED_DEVICE_FAMILY = "1,2";
				TEST_TARGET_NAME = Dyslexi;
			};
			name = Debug;
		};
		E2694FE22BA9C0D20042A2BC /* Release */ = {
			isa = XCBuildConfiguration;
			baseConfigurationReference = E572D7A6D492B233EA50164C /* Pods-Dyslexi-DyslexiUITests.release.xcconfig */;
			buildSettings = {
				ALWAYS_EMBED_SWIFT_STANDARD_LIBRARIES = YES;
				CODE_SIGN_STYLE = Automatic;
				CURRENT_PROJECT_VERSION = 1;
				DEVELOPMENT_TEAM = YCP29A84B3;
				GENERATE_INFOPLIST_FILE = YES;
				MARKETING_VERSION = 1.0;
				PRODUCT_BUNDLE_IDENTIFIER = veerjyot.sammi.DyslexiUITests;
				PRODUCT_NAME = "$(TARGET_NAME)";
				SWIFT_EMIT_LOC_STRINGS = NO;
				SWIFT_VERSION = 5.0;
				TARGETED_DEVICE_FAMILY = "1,2";
				TEST_TARGET_NAME = Dyslexi;
			};
			name = Release;
		};
/* End XCBuildConfiguration section */

/* Begin XCConfigurationList section */
		E2694FA82BA9C0CF0042A2BC /* Build configuration list for PBXProject "Dyslexi" */ = {
			isa = XCConfigurationList;
			buildConfigurations = (
				E2694FD82BA9C0D20042A2BC /* Debug */,
				E2694FD92BA9C0D20042A2BC /* Release */,
			);
			defaultConfigurationIsVisible = 0;
			defaultConfigurationName = Release;
		};
		E2694FDA2BA9C0D20042A2BC /* Build configuration list for PBXNativeTarget "Dyslexi" */ = {
			isa = XCConfigurationList;
			buildConfigurations = (
				E2694FDB2BA9C0D20042A2BC /* Debug */,
				E2694FDC2BA9C0D20042A2BC /* Release */,
			);
			defaultConfigurationIsVisible = 0;
			defaultConfigurationName = Release;
		};
		E2694FDD2BA9C0D20042A2BC /* Build configuration list for PBXNativeTarget "DyslexiTests" */ = {
			isa = XCConfigurationList;
			buildConfigurations = (
				E2694FDE2BA9C0D20042A2BC /* Debug */,
				E2694FDF2BA9C0D20042A2BC /* Release */,
			);
			defaultConfigurationIsVisible = 0;
			defaultConfigurationName = Release;
		};
		E2694FE02BA9C0D20042A2BC /* Build configuration list for PBXNativeTarget "DyslexiUITests" */ = {
			isa = XCConfigurationList;
			buildConfigurations = (
				E2694FE12BA9C0D20042A2BC /* Debug */,
				E2694FE22BA9C0D20042A2BC /* Release */,
			);
			defaultConfigurationIsVisible = 0;
			defaultConfigurationName = Release;
		};
/* End XCConfigurationList section */

/* Begin XCRemoteSwiftPackageReference section */
		E2694FE32BA9F79A0042A2BC /* XCRemoteSwiftPackageReference "generative-ai-swift" */ = {
			isa = XCRemoteSwiftPackageReference;
			repositoryURL = "https://github.com/google/generative-ai-swift";
			requirement = {
				kind = upToNextMajorVersion;
				minimumVersion = 0.4.8;
			};
		};
/* End XCRemoteSwiftPackageReference section */

/* Begin XCSwiftPackageProductDependency section */
		E2694FE42BA9F79A0042A2BC /* GoogleGenerativeAI */ = {
			isa = XCSwiftPackageProductDependency;
			package = E2694FE32BA9F79A0042A2BC /* XCRemoteSwiftPackageReference "generative-ai-swift" */;
			productName = GoogleGenerativeAI;
		};
/* End XCSwiftPackageProductDependency section */

/* Begin XCVersionGroup section */
		E2694FB92BA9C0CF0042A2BC /* Dyslexi.xcdatamodeld */ = {
			isa = XCVersionGroup;
			children = (
				E2694FBA2BA9C0CF0042A2BC /* Dyslexi.xcdatamodel */,
			);
			currentVersion = E2694FBA2BA9C0CF0042A2BC /* Dyslexi.xcdatamodel */;
			path = Dyslexi.xcdatamodeld;
			sourceTree = "<group>";
			versionGroupType = wrapper.xcdatamodel;
		};
/* End XCVersionGroup section */
	};
	rootObject = E2694FA52BA9C0CF0042A2BC /* Project object */;
}
